
Microsoft Visual Studio Solution File, Format Version 12.00
Project("{FAE04EC0-301F-11D3-BF4B-00C04F79EFBC}") = "pe-homework-7", "pe-homework-7.csproj", "{0453B065-9E2A-4B7C-8A99-FC6C3BC66EA6}"
EndProject
Project("{FAE04EC0-301F-11D3-BF4B-00C04F79EFBC}") = "pe-homework-7-tests", "pe-homework-7-tests\pe-homework-7-tests.csproj", "{DD6A17A9-4117-4C75-A0C0-12B667787E93}"
EndProject
Global
	GlobalSection(SolutionConfigurationPlatforms) = preSolution
		Debug|Any CPU = Debug|Any CPU
		Release|Any CPU = Release|Any CPU
	EndGlobalSection
	GlobalSection(ProjectConfigurationPlatforms) = postSolution
		{0453B065-9E2A-4B7C-8A99-FC6C3BC66EA6}.Debug|Any CPU.ActiveCfg = Debug|Any CPU
		{0453B065-9E2A-4B7C-8A99-FC6C3BC66EA6}.Debug|Any CPU.Build.0 = Debug|Any CPU
		{0453B065-9E2A-4B7C-8A99-FC6C3BC66EA6}.Release|Any CPU.ActiveCfg = Release|Any CPU
		{0453B065-9E2A-4B7C-8A99-FC6C3BC66EA6}.Release|Any CPU.Build.0 = Release|Any CPU
		{DD6A17A9-4117-4C75-A0C0-12B667787E93}.Debug|Any CPU.ActiveCfg = Debug|Any CPU
		{DD6A17A9-4117-4C75-A0C0-12B667787E93}.Debug|Any CPU.Build.0 = Debug|Any CPU
		{DD6A17A9-4117-4C75-A0C0-12B667787E93}.Release|Any CPU.ActiveCfg = Release|Any CPU
		{DD6A17A9-4117-4C75-A0C0-12B667787E93}.Release|Any CPU.Build.0 = Release|Any CPU
	EndGlobalSection
EndGlobal
